// !$*UTF8*$!
{
	archiveVersion = 1;
	classes = {
	};
	objectVersion = 77;
	objects = {

/* Begin PBXContainerItemProxy section */
		EE9A9C8E2E45352D00104A5A /* PBXContainerItemProxy */ = {
			isa = PBXContainerItemProxy;
			containerPortal = EE9A9C6F2E45352C00104A5A /* Project object */;
			proxyType = 1;
			remoteGlobalIDString = EE9A9C762E45352C00104A5A;
			remoteInfo = "Push-Notification";
		};
		EE9A9C982E45352D00104A5A /* PBXContainerItemProxy */ = {
			isa = PBXContainerItemProxy;
			containerPortal = EE9A9C6F2E45352C00104A5A /* Project object */;
			proxyType = 1;
			remoteGlobalIDString = EE9A9C762E45352C00104A5A;
			remoteInfo = "Push-Notification";
		};
/* End PBXContainerItemProxy section */

/* Begin PBXFileReference section */
		EE9A9C772E45352C00104A5A /* Push-Notification.app */ = {isa = PBXFileReference; explicitFileType = wrapper.application; includeInIndex = 0; path = "Push-Notification.app"; sourceTree = BUILT_PRODUCTS_DIR; };
		EE9A9C8D2E45352D00104A5A /* Push-NotificationTests.xctest */ = {isa = PBXFileReference; explicitFileType = wrapper.cfbundle; includeInIndex = 0; path = "Push-NotificationTests.xctest"; sourceTree = BUILT_PRODUCTS_DIR; };
		EE9A9C972E45352D00104A5A /* Push-NotificationUITests.xctest */ = {isa = PBXFileReference; explicitFileType = wrapper.cfbundle; includeInIndex = 0; path = "Push-NotificationUITests.xctest"; sourceTree = BUILT_PRODUCTS_DIR; };
/* End PBXFileReference section */

/* Begin PBXFileSystemSynchronizedBuildFileExceptionSet section */
		EE9A9C9F2E45352D00104A5A /* Exceptions for "Push-Notification" folder in "Push-Notification" target */ = {
			isa = PBXFileSystemSynchronizedBuildFileExceptionSet;
			membershipExceptions = (
				Info.plist,
			);
			target = EE9A9C762E45352C00104A5A /* Push-Notification */;
		};
/* End PBXFileSystemSynchronizedBuildFileExceptionSet section */

/* Begin PBXFileSystemSynchronizedRootGroup section */
		EE9A9C792E45352C00104A5A /* Push-Notification */ = {
			isa = PBXFileSystemSynchronizedRootGroup;
			exceptions = (
				EE9A9C9F2E45352D00104A5A /* Exceptions for "Push-Notification" folder in "Push-Notification" target */,
			);
			path = "Push-Notification";
			sourceTree = "<group>";
		};
		EE9A9C902E45352D00104A5A /* Push-NotificationTests */ = {
			isa = PBXFileSystemSynchronizedRootGroup;
			path = "Push-NotificationTests";
			sourceTree = "<group>";
		};
		EE9A9C9A2E45352D00104A5A /* Push-NotificationUITests */ = {
			isa = PBXFileSystemSynchronizedRootGroup;
			path = "Push-NotificationUITests";
			sourceTree = "<group>";
		};
/* End PBXFileSystemSynchronizedRootGroup section */

/* Begin PBXFrameworksBuildPhase section */
		EE9A9C742E45352C00104A5A /* Frameworks */ = {
			isa = PBXFrameworksBuildPhase;
			buildActionMask = 2147483647;
			files = (
			);
			runOnlyForDeploymentPostprocessing = 0;
		};
		EE9A9C8A2E45352D00104A5A /* Frameworks */ = {
			isa = PBXFrameworksBuildPhase;
			buildActionMask = 2147483647;
			files = (
			);
			runOnlyForDeploymentPostprocessing = 0;
		};
		EE9A9C942E45352D00104A5A /* Frameworks */ = {
			isa = PBXFrameworksBuildPhase;
			buildActionMask = 2147483647;
			files = (
			);
			runOnlyForDeploymentPostprocessing = 0;
		};
/* End PBXFrameworksBuildPhase section */

/* Begin PBXGroup section */
		EE9A9C6E2E45352C00104A5A = {
			isa = PBXGroup;
			children = (
				EE9A9C792E45352C00104A5A /* Push-Notification */,
				EE9A9C902E45352D00104A5A /* Push-NotificationTests */,
				EE9A9C9A2E45352D00104A5A /* Push-NotificationUITests */,
				EE9A9C782E45352C00104A5A /* Products */,
			);
			sourceTree = "<group>";
		};
		EE9A9C782E45352C00104A5A /* Products */ = {
			isa = PBXGroup;
			children = (
				EE9A9C772E45352C00104A5A /* Push-Notification.app */,
				EE9A9C8D2E45352D00104A5A /* Push-NotificationTests.xctest */,
				EE9A9C972E45352D00104A5A /* Push-NotificationUITests.xctest */,
			);
			name = Products;
			sourceTree = "<group>";
		};
/* End PBXGroup section */

/* Begin PBXNativeTarget section */
		EE9A9C762E45352C00104A5A /* Push-Notification */ = {
			isa = PBXNativeTarget;
			buildConfigurationList = EE9A9CA02E45352D00104A5A /* Build configuration list for PBXNativeTarget "Push-Notification" */;
			buildPhases = (
				EE9A9C732E45352C00104A5A /* Sources */,
				EE9A9C742E45352C00104A5A /* Frameworks */,
				EE9A9C752E45352C00104A5A /* Resources */,
			);
			buildRules = (
			);
			dependencies = (
			);
			fileSystemSynchronizedGroups = (
				EE9A9C792E45352C00104A5A /* Push-Notification */,
			);
			name = "Push-Notification";
			packageProductDependencies = (
			);
			productName = "Push-Notification";
			productReference = EE9A9C772E45352C00104A5A /* Push-Notification.app */;
			productType = "com.apple.product-type.application";
		};
		EE9A9C8C2E45352D00104A5A /* Push-NotificationTests */ = {
			isa = PBXNativeTarget;
			buildConfigurationList = EE9A9CA52E45352D00104A5A /* Build configuration list for PBXNativeTarget "Push-NotificationTests" */;
			buildPhases = (
				EE9A9C892E45352D00104A5A /* Sources */,
				EE9A9C8A2E45352D00104A5A /* Frameworks */,
				EE9A9C8B2E45352D00104A5A /* Resources */,
			);
			buildRules = (
			);
			dependencies = (
				EE9A9C8F2E45352D00104A5A /* PBXTargetDependency */,
			);
			fileSystemSynchronizedGroups = (
				EE9A9C902E45352D00104A5A /* Push-NotificationTests */,
			);
			name = "Push-NotificationTests";
			packageProductDependencies = (
			);
			productName = "Push-NotificationTests";
			productReference = EE9A9C8D2E45352D00104A5A /* Push-NotificationTests.xctest */;
			productType = "com.apple.product-type.bundle.unit-test";
		};
		EE9A9C962E45352D00104A5A /* Push-NotificationUITests */ = {
			isa = PBXNativeTarget;
			buildConfigurationList = EE9A9CA82E45352D00104A5A /* Build configuration list for PBXNativeTarget "Push-NotificationUITests" */;
			buildPhases = (
				EE9A9C932E45352D00104A5A /* Sources */,
				EE9A9C942E45352D00104A5A /* Frameworks */,
				EE9A9C952E45352D00104A5A /* Resources */,
			);
			buildRules = (
			);
			dependencies = (
				EE9A9C992E45352D00104A5A /* PBXTargetDependency */,
			);
			fileSystemSynchronizedGroups = (
				EE9A9C9A2E45352D00104A5A /* Push-NotificationUITests */,
			);
			name = "Push-NotificationUITests";
			packageProductDependencies = (
			);
			productName = "Push-NotificationUITests";
			productReference = EE9A9C972E45352D00104A5A /* Push-NotificationUITests.xctest */;
			productType = "com.apple.product-type.bundle.ui-testing";
		};
/* End PBXNativeTarget section */

/* Begin PBXProject section */
		EE9A9C6F2E45352C00104A5A /* Project object */ = {
			isa = PBXProject;
			attributes = {
				BuildIndependentTargetsInParallel = 1;
				LastSwiftUpdateCheck = 1630;
				LastUpgradeCheck = 1630;
				TargetAttributes = {
					EE9A9C762E45352C00104A5A = {
						CreatedOnToolsVersion = 16.3;
					};
					EE9A9C8C2E45352D00104A5A = {
						CreatedOnToolsVersion = 16.3;
						TestTargetID = EE9A9C762E45352C00104A5A;
					};
					EE9A9C962E45352D00104A5A = {
						CreatedOnToolsVersion = 16.3;
						TestTargetID = EE9A9C762E45352C00104A5A;
					};
				};
			};
			buildConfigurationList = EE9A9C722E45352C00104A5A /* Build configuration list for PBXProject "Push-Notification" */;
			developmentRegion = en;
			hasScannedForEncodings = 0;
			knownRegions = (
				en,
				Base,
			);
			mainGroup = EE9A9C6E2E45352C00104A5A;
			minimizedProjectReferenceProxies = 1;
			preferredProjectObjectVersion = 77;
			productRefGroup = EE9A9C782E45352C00104A5A /* Products */;
			projectDirPath = "";
			projectRoot = "";
			targets = (
				EE9A9C762E45352C00104A5A /* Push-Notification */,
				EE9A9C8C2E45352D00104A5A /* Push-NotificationTests */,
				EE9A9C962E45352D00104A5A /* Push-NotificationUITests */,
			);
		};
/* End PBXProject section */

/* Begin PBXResourcesBuildPhase section */
		EE9A9C752E45352C00104A5A /* Resources */ = {
			isa = PBXResourcesBuildPhase;
			buildActionMask = 2147483647;
			files = (
			);
			runOnlyForDeploymentPostprocessing = 0;
		};
		EE9A9C8B2E45352D00104A5A /* Resources */ = {
			isa = PBXResourcesBuildPhase;
			buildActionMask = 2147483647;
			files = (
			);
			runOnlyForDeploymentPostprocessing = 0;
		};
		EE9A9C952E45352D00104A5A /* Resources */ = {
			isa = PBXResourcesBuildPhase;
			buildActionMask = 2147483647;
			files = (
			);
			runOnlyForDeploymentPostprocessing = 0;
		};
/* End PBXResourcesBuildPhase section */

/* Begin PBXSourcesBuildPhase section */
		EE9A9C732E45352C00104A5A /* Sources */ = {
			isa = PBXSourcesBuildPhase;
			buildActionMask = 2147483647;
			files = (
			);
			runOnlyForDeploymentPostprocessing = 0;
		};
		EE9A9C892E45352D00104A5A /* Sources */ = {
			isa = PBXSourcesBuildPhase;
			buildActionMask = 2147483647;
			files = (
			);
			runOnlyForDeploymentPostprocessing = 0;
		};
		EE9A9C932E45352D00104A5A /* Sources */ = {
			isa = PBXSourcesBuildPhase;
			buildActionMask = 2147483647;
			files = (
			);
			runOnlyForDeploymentPostprocessing = 0;
		};
/* End PBXSourcesBuildPhase section */

/* Begin PBXTargetDependency section */
		EE9A9C8F2E45352D00104A5A /* PBXTargetDependency */ = {
			isa = PBXTargetDependency;
			target = EE9A9C762E45352C00104A5A /* Push-Notification */;
			targetProxy = EE9A9C8E2E45352D00104A5A /* PBXContainerItemProxy */;
		};
		EE9A9C992E45352D00104A5A /* PBXTargetDependency */ = {
			isa = PBXTargetDependency;
			target = EE9A9C762E45352C00104A5A /* Push-Notification */;
			targetProxy = EE9A9C982E45352D00104A5A /* PBXContainerItemProxy */;
		};
/* End PBXTargetDependency section */

/* Begin XCBuildConfiguration section */
		EE9A9CA12E45352D00104A5A /* Debug */ = {
			isa = XCBuildConfiguration;
			buildSettings = {
				ASSETCATALOG_COMPILER_APPICON_NAME = AppIcon;
				ASSETCATALOG_COMPILER_GLOBAL_ACCENT_COLOR_NAME = AccentColor;
				CODE_SIGN_STYLE = Automatic;
				CURRENT_PROJECT_VERSION = 1;
				DEVELOPMENT_TEAM = 5698X83GYV;
				GENERATE_INFOPLIST_FILE = YES;
				INFOPLIST_FILE = "Push-Notification/Info.plist";
				INFOPLIST_KEY_UIApplicationSupportsIndirectInputEvents = YES;
				INFOPLIST_KEY_UILaunchStoryboardName = LaunchScreen;
				INFOPLIST_KEY_UIMainStoryboardFile = Main;
				INFOPLIST_KEY_UISupportedInterfaceOrientations_iPad = "UIInterfaceOrientationPortrait UIInterfaceOrientationPortraitUpsideDown UIInterfaceOrientationLandscapeLeft UIInterfaceOrientationLandscapeRight";
				INFOPLIST_KEY_UISupportedInterfaceOrientations_iPhone = "UIInterfaceOrientationPortrait UIInterfaceOrientationLandscapeLeft UIInterfaceOrientationLandscapeRight";
				LD_RUNPATH_SEARCH_PATHS = (
					"$(inherited)",
					"@executable_path/Frameworks",
				);
				MARKETING_VERSION = 1.0;
				PRODUCT_BUNDLE_IDENTIFIER = "com.gaopticalsolutions.Push-Notification";
				PRODUCT_NAME = "$(TARGET_NAME)";
				SWIFT_EMIT_LOC_STRINGS = YES;
				SWIFT_VERSION = 5.0;
				TARGETED_DEVICE_FAMILY = "1,2";
			};
			name = Debug;
		};
		EE9A9CA22E45352D00104A5A /* Release */ = {
			isa = XCBuildConfiguration;
			buildSettings = {
				ASSETCATALOG_COMPILER_APPICON_NAME = AppIcon;
				ASSETCATALOG_COMPILER_GLOBAL_ACCENT_COLOR_NAME = AccentColor;
				CODE_SIGN_STYLE = Automatic;
				CURRENT_PROJECT_VERSION = 1;
				DEVELOPMENT_TEAM = 5698X83GYV;
				GENERATE_INFOPLIST_FILE = YES;
				INFOPLIST_FILE = "Push-Notification/Info.plist";
				INFOPLIST_KEY_UIApplicationSupportsIndirectInputEvents = YES;
				INFOPLIST_KEY_UILaunchStoryboardName = LaunchScreen;
				INFOPLIST_KEY_UIMainStoryboardFile = Main;
				INFOPLIST_KEY_UISupportedInterfaceOrientations_iPad = "UIInterfaceOrientationPortrait UIInterfaceOrientationPortraitUpsideDown UIInterfaceOrientationLandscapeLeft UIInterfaceOrientationLandscapeRight";
				INFOPLIST_KEY_UISupportedInterfaceOrientations_iPhone = "UIInterfaceOrientationPortrait UIInterfaceOrientationLandscapeLeft UIInterfaceOrientationLandscapeRight";
				LD_RUNPATH_SEARCH_PATHS = (
					"$(inherited)",
					"@executable_path/Frameworks",
				);
				MARKETING_VERSION = 1.0;
				PRODUCT_BUNDLE_IDENTIFIER = "com.gaopticalsolutions.Push-Notification";
				PRODUCT_NAME = "$(TARGET_NAME)";
				SWIFT_EMIT_LOC_STRINGS = YES;
				SWIFT_VERSION = 5.0;
				TARGETED_DEVICE_FAMILY = "1,2";
			};
			name = Release;
		};
		EE9A9CA32E45352D00104A5A /* Debug */ = {
			isa = XCBuildConfiguration;
			buildSettings = {
				ALWAYS_SEARCH_USER_PATHS = NO;
				ASSETCATALOG_COMPILER_GENERATE_SWIFT_ASSET_SYMBOL_EXTENSIONS = YES;
				CLANG_ANALYZER_NONNULL = YES;
				CLANG_ANALYZER_NUMBER_OBJECT_CONVERSION = YES_AGGRESSIVE;
				CLANG_CXX_LANGUAGE_STANDARD = "gnu++20";
				CLANG_ENABLE_MODULES = YES;
				CLANG_ENABLE_OBJC_ARC = YES;
				CLANG_ENABLE_OBJC_WEAK = YES;
				CLANG_WARN_BLOCK_CAPTURE_AUTORELEASING = YES;
				CLANG_WARN_BOOL_CONVERSION = YES;
				CLANG_WARN_COMMA = YES;
				CLANG_WARN_CONSTANT_CONVERSION = YES;
				CLANG_WARN_DEPRECATED_OBJC_IMPLEMENTATIONS = YES;
				CLANG_WARN_DIRECT_OBJC_ISA_USAGE = YES_ERROR;
				CLANG_WARN_DOCUMENTATION_COMMENTS = YES;
				CLANG_WARN_EMPTY_BODY = YES;
				CLANG_WARN_ENUM_CONVERSION = YES;
				CLANG_WARN_INFINITE_RECURSION = YES;
				CLANG_WARN_INT_CONVERSION = YES;
				CLANG_WARN_NON_LITERAL_NULL_CONVERSION = YES;
				CLANG_WARN_OBJC_IMPLICIT_RETAIN_SELF = YES;
				CLANG_WARN_OBJC_LITERAL_CONVERSION = YES;
				CLANG_WARN_OBJC_ROOT_CLASS = YES_ERROR;
				CLANG_WARN_QUOTED_INCLUDE_IN_FRAMEWORK_HEADER = YES;
				CLANG_WARN_RANGE_LOOP_ANALYSIS = YES;
				CLANG_WARN_STRICT_PROTOTYPES = YES;
				CLANG_WARN_SUSPICIOUS_MOVE = YES;
				CLANG_WARN_UNGUARDED_AVAILABILITY = YES_AGGRESSIVE;
				CLANG_WARN_UNREACHABLE_CODE = YES;
				CLANG_WARN__DUPLICATE_METHOD_MATCH = YES;
				COPY_PHASE_STRIP = NO;
				DEBUG_INFORMATION_FORMAT = dwarf;
				DEVELOPMENT_TEAM = 5698X83GYV;
				ENABLE_STRICT_OBJC_MSGSEND = YES;
				ENABLE_TESTABILITY = YES;
				ENABLE_USER_SCRIPT_SANDBOXING = YES;
				GCC_C_LANGUAGE_STANDARD = gnu17;
				GCC_DYNAMIC_NO_PIC = NO;
				GCC_NO_COMMON_BLOCKS = YES;
				GCC_OPTIMIZATION_LEVEL = 0;
				GCC_PREPROCESSOR_DEFINITIONS = (
					"DEBUG=1",
					"$(inherited)",
				);
				GCC_WARN_64_TO_32_BIT_CONVERSION = YES;
				GCC_WARN_ABOUT_RETURN_TYPE = YES_ERROR;
				GCC_WARN_UNDECLARED_SELECTOR = YES;
				GCC_WARN_UNINITIALIZED_AUTOS = YES_AGGRESSIVE;
				GCC_WARN_UNUSED_FUNCTION = YES;
				GCC_WARN_UNUSED_VARIABLE = YES;
				IPHONEOS_DEPLOYMENT_TARGET = 18.4;
				LOCALIZATION_PREFERS_STRING_CATALOGS = YES;
				MTL_ENABLE_DEBUG_INFO = INCLUDE_SOURCE;
				MTL_FAST_MATH = YES;
				ONLY_ACTIVE_ARCH = YES;
				SDKROOT = iphoneos;
				SWIFT_ACTIVE_COMPILATION_CONDITIONS = "DEBUG $(inherited)";
				SWIFT_OPTIMIZATION_LEVEL = "-Onone";
			};
			name = Debug;
		};
		EE9A9CA42E45352D00104A5A /* Release */ = {
			isa = XCBuildConfiguration;
			buildSettings = {
				ALWAYS_SEARCH_USER_PATHS = NO;
				ASSETCATALOG_COMPILER_GENERATE_SWIFT_ASSET_SYMBOL_EXTENSIONS = YES;
				CLANG_ANALYZER_NONNULL = YES;
				CLANG_ANALYZER_NUMBER_OBJECT_CONVERSION = YES_AGGRESSIVE;
				CLANG_CXX_LANGUAGE_STANDARD = "gnu++20";
				CLANG_ENABLE_MODULES = YES;
				CLANG_ENABLE_OBJC_ARC = YES;
				CLANG_ENABLE_OBJC_WEAK = YES;
				CLANG_WARN_BLOCK_CAPTURE_AUTORELEASING = YES;
				CLANG_WARN_BOOL_CONVERSION = YES;
				CLANG_WARN_COMMA = YES;
				CLANG_WARN_CONSTANT_CONVERSION = YES;
				CLANG_WARN_DEPRECATED_OBJC_IMPLEMENTATIONS = YES;
				CLANG_WARN_DIRECT_OBJC_ISA_USAGE = YES_ERROR;
				CLANG_WARN_DOCUMENTATION_COMMENTS = YES;
				CLANG_WARN_EMPTY_BODY = YES;
				CLANG_WARN_ENUM_CONVERSION = YES;
				CLANG_WARN_INFINITE_RECURSION = YES;
				CLANG_WARN_INT_CONVERSION = YES;
				CLANG_WARN_NON_LITERAL_NULL_CONVERSION = YES;
				CLANG_WARN_OBJC_IMPLICIT_RETAIN_SELF = YES;
				CLANG_WARN_OBJC_LITERAL_CONVERSION = YES;
				CLANG_WARN_OBJC_ROOT_CLASS = YES_ERROR;
				CLANG_WARN_QUOTED_INCLUDE_IN_FRAMEWORK_HEADER = YES;
				CLANG_WARN_RANGE_LOOP_ANALYSIS = YES;
				CLANG_WARN_STRICT_PROTOTYPES = YES;
				CLANG_WARN_SUSPICIOUS_MOVE = YES;
				CLANG_WARN_UNGUARDED_AVAILABILITY = YES_AGGRESSIVE;
				CLANG_WARN_UNREACHABLE_CODE = YES;
				CLANG_WARN__DUPLICATE_METHOD_MATCH = YES;
				COPY_PHASE_STRIP = NO;
				DEBUG_INFORMATION_FORMAT = "dwarf-with-dsym";
				DEVELOPMENT_TEAM = 5698X83GYV;
				ENABLE_NS_ASSERTIONS = NO;
				ENABLE_STRICT_OBJC_MSGSEND = YES;
				ENABLE_USER_SCRIPT_SANDBOXING = YES;
				GCC_C_LANGUAGE_STANDARD = gnu17;
				GCC_NO_COMMON_BLOCKS = YES;
				GCC_WARN_64_TO_32_BIT_CONVERSION = YES;
				GCC_WARN_ABOUT_RETURN_TYPE = YES_ERROR;
				GCC_WARN_UNDECLARED_SELECTOR = YES;
				GCC_WARN_UNINITIALIZED_AUTOS = YES_AGGRESSIVE;
				GCC_WARN_UNUSED_FUNCTION = YES;
				GCC_WARN_UNUSED_VARIABLE = YES;
				IPHONEOS_DEPLOYMENT_TARGET = 18.4;
				LOCALIZATION_PREFERS_STRING_CATALOGS = YES;
				MTL_ENABLE_DEBUG_INFO = NO;
				MTL_FAST_MATH = YES;
				SDKROOT = iphoneos;
				SWIFT_COMPILATION_MODE = wholemodule;
				VALIDATE_PRODUCT = YES;
			};
			name = Release;
		};
		EE9A9CA62E45352D00104A5A /* Debug */ = {
			isa = XCBuildConfiguration;
			buildSettings = {
				BUNDLE_LOADER = "$(TEST_HOST)";
				CODE_SIGN_STYLE = Automatic;
				CURRENT_PROJECT_VERSION = 1;
				DEVELOPMENT_TEAM = 5698X83GYV;
				GENERATE_INFOPLIST_FILE = YES;
				IPHONEOS_DEPLOYMENT_TARGET = 18.4;
				MARKETING_VERSION = 1.0;
				PRODUCT_BUNDLE_IDENTIFIER = "com.gaopticalsolutions.Push-NotificationTests";
				PRODUCT_NAME = "$(TARGET_NAME)";
				SWIFT_EMIT_LOC_STRINGS = NO;
				SWIFT_VERSION = 5.0;
				TARGETED_DEVICE_FAMILY = "1,2";
				TEST_HOST = "$(BUILT_PRODUCTS_DIR)/Push-Notification.app/$(BUNDLE_EXECUTABLE_FOLDER_PATH)/Push-Notification";
			};
			name = Debug;
		};
		EE9A9CA72E45352D00104A5A /* Release */ = {
			isa = XCBuildConfiguration;
			buildSettings = {
				BUNDLE_LOADER = "$(TEST_HOST)";
				CODE_SIGN_STYLE = Automatic;
				CURRENT_PROJECT_VERSION = 1;
				DEVELOPMENT_TEAM = 5698X83GYV;
				GENERATE_INFOPLIST_FILE = YES;
				IPHONEOS_DEPLOYMENT_TARGET = 18.4;
				MARKETING_VERSION = 1.0;
				PRODUCT_BUNDLE_IDENTIFIER = "com.gaopticalsolutions.Push-NotificationTests";
				PRODUCT_NAME = "$(TARGET_NAME)";
				SWIFT_EMIT_LOC_STRINGS = NO;
				SWIFT_VERSION = 5.0;
				TARGETED_DEVICE_FAMILY = "1,2";
				TEST_HOST = "$(BUILT_PRODUCTS_DIR)/Push-Notification.app/$(BUNDLE_EXECUTABLE_FOLDER_PATH)/Push-Notification";
			};
			name = Release;
		};
		EE9A9CA92E45352D00104A5A /* Debug */ = {
			isa = XCBuildConfiguration;
			buildSettings = {
				CODE_SIGN_STYLE = Automatic;
				CURRENT_PROJECT_VERSION = 1;
				DEVELOPMENT_TEAM = 5698X83GYV;
				GENERATE_INFOPLIST_FILE = YES;
				MARKETING_VERSION = 1.0;
				PRODUCT_BUNDLE_IDENTIFIER = "com.gaopticalsolutions.Push-NotificationUITests";
				PRODUCT_NAME = "$(TARGET_NAME)";
				SWIFT_EMIT_LOC_STRINGS = NO;
				SWIFT_VERSION = 5.0;
				TARGETED_DEVICE_FAMILY = "1,2";
				TEST_TARGET_NAME = "Push-Notification";
			};
			name = Debug;
		};
		EE9A9CAA2E45352D00104A5A /* Release */ = {
			isa = XCBuildConfiguration;
			buildSettings = {
				CODE_SIGN_STYLE = Automatic;
				CURRENT_PROJECT_VERSION = 1;
				DEVELOPMENT_TEAM = 5698X83GYV;
				GENERATE_INFOPLIST_FILE = YES;
				MARKETING_VERSION = 1.0;
				PRODUCT_BUNDLE_IDENTIFIER = "com.gaopticalsolutions.Push-NotificationUITests";
				PRODUCT_NAME = "$(TARGET_NAME)";
				SWIFT_EMIT_LOC_STRINGS = NO;
				SWIFT_VERSION = 5.0;
				TARGETED_DEVICE_FAMILY = "1,2";
				TEST_TARGET_NAME = "Push-Notification";
			};
			name = Release;
		};
/* End XCBuildConfiguration section */

/* Begin XCConfigurationList section */
		EE9A9C722E45352C00104A5A /* Build configuration list for PBXProject "Push-Notification" */ = {
			isa = XCConfigurationList;
			buildConfigurations = (
				EE9A9CA32E45352D00104A5A /* Debug */,
				EE9A9CA42E45352D00104A5A /* Release */,
			);
			defaultConfigurationIsVisible = 0;
			defaultConfigurationName = Release;
		};
		EE9A9CA02E45352D00104A5A /* Build configuration list for PBXNativeTarget "Push-Notification" */ = {
			isa = XCConfigurationList;
			buildConfigurations = (
				EE9A9CA12E45352D00104A5A /* Debug */,
				EE9A9CA22E45352D00104A5A /* Release */,
			);
			defaultConfigurationIsVisible = 0;
			defaultConfigurationName = Release;
		};
		EE9A9CA52E45352D00104A5A /* Build configuration list for PBXNativeTarget "Push-NotificationTests" */ = {
			isa = XCConfigurationList;
			buildConfigurations = (
				EE9A9CA62E45352D00104A5A /* Debug */,
				EE9A9CA72E45352D00104A5A /* Release */,
			);
			defaultConfigurationIsVisible = 0;
			defaultConfigurationName = Release;
		};
		EE9A9CA82E45352D00104A5A /* Build configuration list for PBXNativeTarget "Push-NotificationUITests" */ = {
			isa = XCConfigurationList;
			buildConfigurations = (
				EE9A9CA92E45352D00104A5A /* Debug */,
				EE9A9CAA2E45352D00104A5A /* Release */,
			);
			defaultConfigurationIsVisible = 0;
			defaultConfigurationName = Release;
		};
/* End XCConfigurationList section */
	};
	rootObject = EE9A9C6F2E45352C00104A5A /* Project object */;
}
